
Microsoft Visual Studio Solution File, Format Version 12.00
# Visual Studio Version 17
VisualStudioVersion = 17.0.31903.59
MinimumVisualStudioVersion = 10.0.40219.1
Project("{2150E333-8FDC-42A3-9474-1A3956D46DE8}") = "src", "src", "{4BD0CFE8-9294-44BE-A00A-40E0F5638845}"
EndProject
Project("{FAE04EC0-301F-11D3-BF4B-00C04F79EFBC}") = "NpgsqlOdysseyScram.Console", "src\NpgsqlOdysseyScram.Console\NpgsqlOdysseyScram.Console.csproj", "{D8B797B2-971F-4B28-B51B-ACCAB7B09789}"
EndProject
Global
	GlobalSection(SolutionConfigurationPlatforms) = preSolution
		Debug|Any CPU = Debug|Any CPU
		Release|Any CPU = Release|Any CPU
	EndGlobalSection
	GlobalSection(SolutionProperties) = preSolution
		HideSolutionNode = FALSE
	EndGlobalSection
	GlobalSection(ProjectConfigurationPlatforms) = postSolution
		{D8B797B2-971F-4B28-B51B-ACCAB7B09789}.Debug|Any CPU.ActiveCfg = Debug|Any CPU
		{D8B797B2-971F-4B28-B51B-ACCAB7B09789}.Debug|Any CPU.Build.0 = Debug|Any CPU
		{D8B797B2-971F-4B28-B51B-ACCAB7B09789}.Release|Any CPU.ActiveCfg = Release|Any CPU
		{D8B797B2-971F-4B28-B51B-ACCAB7B09789}.Release|Any CPU.Build.0 = Release|Any CPU
	EndGlobalSection
	GlobalSection(NestedProjects) = preSolution
		{D8B797B2-971F-4B28-B51B-ACCAB7B09789} = {4BD0CFE8-9294-44BE-A00A-40E0F5638845}
	EndGlobalSection
EndGlobal
